
Microsoft Visual Studio Solution File, Format Version 12.00
# Visual Studio Version 17
VisualStudioVersion = 17.2.32616.157
MinimumVisualStudioVersion = 10.0.40219.1
Project("{FAE04EC0-301F-11D3-BF4B-00C04F79EFBC}") = "ECommerceWebApp", "ECommerceWebApp\ECommerceWebApp.csproj", "{D278AA7F-171F-42F2-ADED-6C7CF6376DBC}"
EndProject
Project("{FAE04EC0-301F-11D3-BF4B-00C04F79EFBC}") = "DataAccess", "DataAccess\DataAccess.csproj", "{4E599960-26BD-4910-A543-594A2AF2E76C}"
EndProject
Project("{00D1A9C2-B5F0-4AF3-8072-F6C62B433612}") = "ECommerceDB", "ECommerceDB\ECommerceDB.sqlproj", "{CFF7B602-526B-40EB-A061-58D42CE855E5}"
EndProject
Global
	GlobalSection(SolutionConfigurationPlatforms) = preSolution
		Debug|Any CPU = Debug|Any CPU
		Release|Any CPU = Release|Any CPU
	EndGlobalSection
	GlobalSection(ProjectConfigurationPlatforms) = postSolution
		{D278AA7F-171F-42F2-ADED-6C7CF6376DBC}.Debug|Any CPU.ActiveCfg = Debug|Any CPU
		{D278AA7F-171F-42F2-ADED-6C7CF6376DBC}.Debug|Any CPU.Build.0 = Debug|Any CPU
		{D278AA7F-171F-42F2-ADED-6C7CF6376DBC}.Release|Any CPU.ActiveCfg = Release|Any CPU
		{D278AA7F-171F-42F2-ADED-6C7CF6376DBC}.Release|Any CPU.Build.0 = Release|Any CPU
		{4E599960-26BD-4910-A543-594A2AF2E76C}.Debug|Any CPU.ActiveCfg = Debug|Any CPU
		{4E599960-26BD-4910-A543-594A2AF2E76C}.Debug|Any CPU.Build.0 = Debug|Any CPU
		{4E599960-26BD-4910-A543-594A2AF2E76C}.Release|Any CPU.ActiveCfg = Release|Any CPU
		{4E599960-26BD-4910-A543-594A2AF2E76C}.Release|Any CPU.Build.0 = Release|Any CPU
		{CFF7B602-526B-40EB-A061-58D42CE855E5}.Debug|Any CPU.ActiveCfg = Debug|Any CPU
		{CFF7B602-526B-40EB-A061-58D42CE855E5}.Debug|Any CPU.Build.0 = Debug|Any CPU
		{CFF7B602-526B-40EB-A061-58D42CE855E5}.Debug|Any CPU.Deploy.0 = Debug|Any CPU
		{CFF7B602-526B-40EB-A061-58D42CE855E5}.Release|Any CPU.ActiveCfg = Release|Any CPU
		{CFF7B602-526B-40EB-A061-58D42CE855E5}.Release|Any CPU.Build.0 = Release|Any CPU
		{CFF7B602-526B-40EB-A061-58D42CE855E5}.Release|Any CPU.Deploy.0 = Release|Any CPU
	EndGlobalSection
	GlobalSection(SolutionProperties) = preSolution
		HideSolutionNode = FALSE
	EndGlobalSection
	GlobalSection(ExtensibilityGlobals) = postSolution
		SolutionGuid = {80A44573-4C35-438C-AFD5-E71FCCF81062}
	EndGlobalSection
EndGlobal
